
Microsoft Visual Studio Solution File, Format Version 12.00
# Visual Studio Version 17
VisualStudioVersion = 17.1.32328.378
MinimumVisualStudioVersion = 10.0.40219.1
Project("{9A19103F-16F7-4668-BE54-9A1E7A4F7556}") = "Pantry.Features", "src\Pantry.Features\Pantry.Features.csproj", "{5FF892B2-BE14-406C-AEE6-F44E56A6D120}"
EndProject
Project("{9A19103F-16F7-4668-BE54-9A1E7A4F7556}") = "Pantry.Core", "src\Pantry.Core\Pantry.Core.csproj", "{9951FA81-0308-498A-AF42-B65002DE9010}"
EndProject
Project("{2150E333-8FDC-42A3-9474-1A3956D46DE8}") = "Shared", "Shared", "{257B5976-F2C0-43FB-B249-65AED7E93E67}"
	ProjectSection(SolutionItems) = preProject
		.editorconfig = .editorconfig
		Directory.Build.props = Directory.Build.props
		Global.ruleset = Global.ruleset
		GlobalTest.ruleset = GlobalTest.ruleset
		Pantry.sln.DotSettings = Pantry.sln.DotSettings
		README.md = README.md
		stylecop.json = stylecop.json
	EndProjectSection
EndProject
Project("{2150E333-8FDC-42A3-9474-1A3956D46DE8}") = "Tests", "Tests", "{9D5D856C-8BD8-4B43-B6F4-FCC584034107}"
EndProject
Project("{9A19103F-16F7-4668-BE54-9A1E7A4F7556}") = "Pantry.Tests.Common", "tests\Pantry.Tests.Common\Pantry.Tests.Common.csproj", "{BAF3A6CE-DD1E-4ECE-AFDB-31F7208E1B01}"
EndProject
Project("{E53339B2-1760-4266-BCC7-CA923CBCF16C}") = "docker-compose", "src\Pantry.DockerCompose\docker-compose.dcproj", "{A51797D4-24C0-4CCB-B636-5C3974279285}"
EndProject
Project("{9A19103F-16F7-4668-BE54-9A1E7A4F7556}") = "Pantry.Service", "src\Pantry.Service\Pantry.Service.csproj", "{3D7C3546-AD1D-4EAF-8E3E-90A2758CDA65}"
EndProject
Project("{9A19103F-16F7-4668-BE54-9A1E7A4F7556}") = "Pantry.Tests.Component", "tests\Pantry.Tests.Component\Pantry.Tests.Component.csproj", "{E8F695CA-7D77-4893-9568-94AA86C404EC}"
EndProject
Project("{9A19103F-16F7-4668-BE54-9A1E7A4F7556}") = "Pantry.Common", "src\Pantry.Common\Pantry.Common.csproj", "{7F5E059E-7856-4E7D-9159-3CD67D1935E5}"
EndProject
Global
	GlobalSection(SolutionConfigurationPlatforms) = preSolution
		Debug|Any CPU = Debug|Any CPU
		Release|Any CPU = Release|Any CPU
	EndGlobalSection
	GlobalSection(ProjectConfigurationPlatforms) = postSolution
		{5FF892B2-BE14-406C-AEE6-F44E56A6D120}.Debug|Any CPU.ActiveCfg = Debug|Any CPU
		{5FF892B2-BE14-406C-AEE6-F44E56A6D120}.Debug|Any CPU.Build.0 = Debug|Any CPU
		{5FF892B2-BE14-406C-AEE6-F44E56A6D120}.Release|Any CPU.ActiveCfg = Release|Any CPU
		{5FF892B2-BE14-406C-AEE6-F44E56A6D120}.Release|Any CPU.Build.0 = Release|Any CPU
		{9951FA81-0308-498A-AF42-B65002DE9010}.Debug|Any CPU.ActiveCfg = Debug|Any CPU
		{9951FA81-0308-498A-AF42-B65002DE9010}.Debug|Any CPU.Build.0 = Debug|Any CPU
		{9951FA81-0308-498A-AF42-B65002DE9010}.Release|Any CPU.ActiveCfg = Release|Any CPU
		{9951FA81-0308-498A-AF42-B65002DE9010}.Release|Any CPU.Build.0 = Release|Any CPU
		{BAF3A6CE-DD1E-4ECE-AFDB-31F7208E1B01}.Debug|Any CPU.ActiveCfg = Debug|Any CPU
		{BAF3A6CE-DD1E-4ECE-AFDB-31F7208E1B01}.Debug|Any CPU.Build.0 = Debug|Any CPU
		{BAF3A6CE-DD1E-4ECE-AFDB-31F7208E1B01}.Release|Any CPU.ActiveCfg = Release|Any CPU
		{BAF3A6CE-DD1E-4ECE-AFDB-31F7208E1B01}.Release|Any CPU.Build.0 = Release|Any CPU
		{A51797D4-24C0-4CCB-B636-5C3974279285}.Debug|Any CPU.ActiveCfg = Debug|Any CPU
		{A51797D4-24C0-4CCB-B636-5C3974279285}.Debug|Any CPU.Build.0 = Debug|Any CPU
		{A51797D4-24C0-4CCB-B636-5C3974279285}.Release|Any CPU.ActiveCfg = Release|Any CPU
		{A51797D4-24C0-4CCB-B636-5C3974279285}.Release|Any CPU.Build.0 = Release|Any CPU
		{3D7C3546-AD1D-4EAF-8E3E-90A2758CDA65}.Debug|Any CPU.ActiveCfg = Debug|Any CPU
		{3D7C3546-AD1D-4EAF-8E3E-90A2758CDA65}.Debug|Any CPU.Build.0 = Debug|Any CPU
		{3D7C3546-AD1D-4EAF-8E3E-90A2758CDA65}.Release|Any CPU.ActiveCfg = Release|Any CPU
		{3D7C3546-AD1D-4EAF-8E3E-90A2758CDA65}.Release|Any CPU.Build.0 = Release|Any CPU
		{E8F695CA-7D77-4893-9568-94AA86C404EC}.Debug|Any CPU.ActiveCfg = Debug|Any CPU
		{E8F695CA-7D77-4893-9568-94AA86C404EC}.Debug|Any CPU.Build.0 = Debug|Any CPU
		{E8F695CA-7D77-4893-9568-94AA86C404EC}.Release|Any CPU.ActiveCfg = Release|Any CPU
		{E8F695CA-7D77-4893-9568-94AA86C404EC}.Release|Any CPU.Build.0 = Release|Any CPU
		{7F5E059E-7856-4E7D-9159-3CD67D1935E5}.Debug|Any CPU.ActiveCfg = Debug|Any CPU
		{7F5E059E-7856-4E7D-9159-3CD67D1935E5}.Debug|Any CPU.Build.0 = Debug|Any CPU
		{7F5E059E-7856-4E7D-9159-3CD67D1935E5}.Release|Any CPU.ActiveCfg = Release|Any CPU
		{7F5E059E-7856-4E7D-9159-3CD67D1935E5}.Release|Any CPU.Build.0 = Release|Any CPU
	EndGlobalSection
	GlobalSection(SolutionProperties) = preSolution
		HideSolutionNode = FALSE
	EndGlobalSection
	GlobalSection(NestedProjects) = preSolution
		{BAF3A6CE-DD1E-4ECE-AFDB-31F7208E1B01} = {9D5D856C-8BD8-4B43-B6F4-FCC584034107}
		{E8F695CA-7D77-4893-9568-94AA86C404EC} = {9D5D856C-8BD8-4B43-B6F4-FCC584034107}
	EndGlobalSection
	GlobalSection(ExtensibilityGlobals) = postSolution
		SolutionGuid = {189E0FBF-FDEE-49AB-8278-813B096B2238}
	EndGlobalSection
EndGlobal
